
Microsoft Visual Studio Solution File, Format Version 12.00
# Visual Studio Version 16
VisualStudioVersion = 16.0.28922.388
MinimumVisualStudioVersion = 10.0.40219.1
Project("{9A19103F-16F7-4668-BE54-9A1E7A4F7556}") = "StatistikDataBasen.Api.Core", "Source\StatistikDataBasen.Api.Core\StatistikDataBasen.Api.Core.csproj", "{68D904AA-D089-4632-AA44-60CB5BBB2E82}"
EndProject
Project("{9A19103F-16F7-4668-BE54-9A1E7A4F7556}") = "StatistikDataBasen.Api.ElectionTurnout", "Source\StatistikDataBasen.Api.ElectionTurnout\StatistikDataBasen.Api.ElectionTurnout.csproj", "{5157BD0C-6837-43C1-8926-AB3FFC804A9C}"
EndProject
Project("{9A19103F-16F7-4668-BE54-9A1E7A4F7556}") = "StatistikDataBasen.Presentation.ConsoleApplication", "Source\StatistikDataBasen.Presentation.ConsoleApplication\StatistikDataBasen.Presentation.ConsoleApplication.csproj", "{9D01E183-C3C0-4B02-AA30-64B94B42AA4C}"
EndProject
Global
	GlobalSection(SolutionConfigurationPlatforms) = preSolution
		Debug|Any CPU = Debug|Any CPU
		Release|Any CPU = Release|Any CPU
	EndGlobalSection
	GlobalSection(ProjectConfigurationPlatforms) = postSolution
		{68D904AA-D089-4632-AA44-60CB5BBB2E82}.Debug|Any CPU.ActiveCfg = Debug|Any CPU
		{68D904AA-D089-4632-AA44-60CB5BBB2E82}.Debug|Any CPU.Build.0 = Debug|Any CPU
		{68D904AA-D089-4632-AA44-60CB5BBB2E82}.Release|Any CPU.ActiveCfg = Release|Any CPU
		{68D904AA-D089-4632-AA44-60CB5BBB2E82}.Release|Any CPU.Build.0 = Release|Any CPU
		{5157BD0C-6837-43C1-8926-AB3FFC804A9C}.Debug|Any CPU.ActiveCfg = Debug|Any CPU
		{5157BD0C-6837-43C1-8926-AB3FFC804A9C}.Debug|Any CPU.Build.0 = Debug|Any CPU
		{5157BD0C-6837-43C1-8926-AB3FFC804A9C}.Release|Any CPU.ActiveCfg = Release|Any CPU
		{5157BD0C-6837-43C1-8926-AB3FFC804A9C}.Release|Any CPU.Build.0 = Release|Any CPU
		{9D01E183-C3C0-4B02-AA30-64B94B42AA4C}.Debug|Any CPU.ActiveCfg = Debug|Any CPU
		{9D01E183-C3C0-4B02-AA30-64B94B42AA4C}.Debug|Any CPU.Build.0 = Debug|Any CPU
		{9D01E183-C3C0-4B02-AA30-64B94B42AA4C}.Release|Any CPU.ActiveCfg = Release|Any CPU
		{9D01E183-C3C0-4B02-AA30-64B94B42AA4C}.Release|Any CPU.Build.0 = Release|Any CPU
	EndGlobalSection
	GlobalSection(SolutionProperties) = preSolution
		HideSolutionNode = FALSE
	EndGlobalSection
	GlobalSection(ExtensibilityGlobals) = postSolution
		SolutionGuid = {20F6B425-9DD4-41E9-8D7C-C888F66A7028}
	EndGlobalSection
EndGlobal
