
Microsoft Visual Studio Solution File, Format Version 12.00
# Visual Studio Version 16
VisualStudioVersion = 16.0.28922.388
MinimumVisualStudioVersion = 10.0.40219.1
Project("{9A19103F-16F7-4668-BE54-9A1E7A4F7556}") = "StatistikDataBasen.Api.Core", "StatistikDataBasen.Api.Core\StatistikDataBasen.Api.Core.csproj", "{C0DE6A47-96FE-4D22-B553-F665065A9610}"
EndProject
Project("{FAE04EC0-301F-11D3-BF4B-00C04F79EFBC}") = "StatistikDataBasen.Api.ElectionTurnout", "StatistikDataBasen.Api.ElectionTurnout\StatistikDataBasen.Api.ElectionTurnout.csproj", "{80371C7D-E73D-448A-927D-45376E715A97}"
EndProject
Project("{FAE04EC0-301F-11D3-BF4B-00C04F79EFBC}") = "StatistikDataBasen.Presentation.ConsoleApplication", "StatistikDataBasen.Presentation.ConsoleApplication\StatistikDataBasen.Presentation.ConsoleApplication.csproj", "{82666D75-909A-4B99-8483-1B4FBCD83B90}"
EndProject
Global
	GlobalSection(SolutionConfigurationPlatforms) = preSolution
		Debug|Any CPU = Debug|Any CPU
		Release|Any CPU = Release|Any CPU
	EndGlobalSection
	GlobalSection(ProjectConfigurationPlatforms) = postSolution
		{C0DE6A47-96FE-4D22-B553-F665065A9610}.Debug|Any CPU.ActiveCfg = Debug|Any CPU
		{C0DE6A47-96FE-4D22-B553-F665065A9610}.Debug|Any CPU.Build.0 = Debug|Any CPU
		{C0DE6A47-96FE-4D22-B553-F665065A9610}.Release|Any CPU.ActiveCfg = Release|Any CPU
		{C0DE6A47-96FE-4D22-B553-F665065A9610}.Release|Any CPU.Build.0 = Release|Any CPU
		{80371C7D-E73D-448A-927D-45376E715A97}.Debug|Any CPU.ActiveCfg = Debug|Any CPU
		{80371C7D-E73D-448A-927D-45376E715A97}.Debug|Any CPU.Build.0 = Debug|Any CPU
		{80371C7D-E73D-448A-927D-45376E715A97}.Release|Any CPU.ActiveCfg = Release|Any CPU
		{80371C7D-E73D-448A-927D-45376E715A97}.Release|Any CPU.Build.0 = Release|Any CPU
		{82666D75-909A-4B99-8483-1B4FBCD83B90}.Debug|Any CPU.ActiveCfg = Debug|Any CPU
		{82666D75-909A-4B99-8483-1B4FBCD83B90}.Debug|Any CPU.Build.0 = Debug|Any CPU
		{82666D75-909A-4B99-8483-1B4FBCD83B90}.Release|Any CPU.ActiveCfg = Release|Any CPU
		{82666D75-909A-4B99-8483-1B4FBCD83B90}.Release|Any CPU.Build.0 = Release|Any CPU
	EndGlobalSection
	GlobalSection(SolutionProperties) = preSolution
		HideSolutionNode = FALSE
	EndGlobalSection
	GlobalSection(ExtensibilityGlobals) = postSolution
		SolutionGuid = {20F6B425-9DD4-41E9-8D7C-C888F66A7028}
	EndGlobalSection
EndGlobal
